SITE
  remote: http://community.opscode.com/api/v1
  specs:
    apt (1.10.0)
    aws (0.101.0)
    build-essential (1.4.0)
    database (1.4.0)
      aws (>= 0.0.0)
      mysql (>= 1.3.0)
      postgresql (>= 1.0.0)
      xfs (>= 0.0.0)
    hostname (0.0.6)
      hostsfile (>= 0.0.0)
    hostsfile (1.0.1)
    htop (1.0.0)
    imagemagick (0.2.2)
    monit (0.7.1)
    mysql (3.0.0)
      build-essential (>= 0.0.0)
      openssl (>= 0.0.0)
    nginx (1.6.0)
      apt (>= 0.0.0)
      build-essential (>= 0.0.0)
      ohai (>= 1.1.4)
      runit (>= 0.0.0)
      yum (>= 0.0.0)
    nodejs (1.1.2)
      apt (>= 0.0.0)
      build-essential (>= 0.0.0)
    ohai (1.1.8)
    openssl (1.0.2)
    postgresql (3.0.0)
      apt (>= 0.0.0)
      build-essential (>= 0.0.0)
      openssl (>= 0.0.0)
    ruby_build (0.8.0)
    runit (1.1.4)
      build-essential (>= 0.0.0)
      yum (>= 0.0.0)
    sudo (2.1.2)
    tmux (1.2.2)
    vim (1.0.2)
    xfs (1.1.0)
    yum (2.2.2)

GIT
  remote: https://github.com/fnichol/chef-rbenv.git
  ref: master
  sha: 9afb4e5da2e6212504a12de3bbbd410cd96100f6
  specs:
    rbenv (0.7.3)

GIT
  remote: https://github.com/phlipper/chef-curl.git
  ref: master
  sha: d1f6690319eb4e5278af0060eb053937541d8d90
  specs:
    curl (1.0.0)

GIT
  remote: https://github.com/rawnet/chef-rails-app.git
  ref: master
  sha: 544cd29fa135466aa8326a416a4aa2ce44c84ca8
  specs:
    rails-app (0.1.0)
      build-essential (>= 0.0.0)
      database (>= 0.0.0)
      hostsfile (>= 0.0.0)
      mysql (>= 0.0.0)

GIT
  remote: https://github.com/rawnet/chef-sphinx.git
  ref: master
  sha: a173ab679886b853f23c15350a1ff6480f0d504a
  specs:
    sphinx (0.1.0)
      apt (>= 0.0.0)

GIT
  remote: https://github.com/rawnet/chef-users.git
  ref: master
  sha: 4ccc79fa48edb4ab6206c4a37494d1b9144b4729
  specs:
    users (0.1.0)
      ruby-shadow (>= 0.0.0)

GIT
  remote: https://github.com/thoughtless/ruby-shadow-cookbook.git
  ref: master
  sha: b0eac90128b63ca4fddc42b7db1afb3965eb946a
  specs:
    ruby-shadow (0.0.1)

DEPENDENCIES
  apt (>= 0)
  build-essential (>= 0)
  curl (>= 0)
  database (>= 0)
  hostname (>= 0)
  htop (>= 0)
  imagemagick (>= 0)
  monit (>= 0)
  mysql (>= 0)
  nginx (>= 0)
  nodejs (>= 0)
  rails-app (>= 0)
  rbenv (>= 0)
  ruby-shadow (>= 0)
  ruby_build (>= 0)
  runit (>= 0)
  sphinx (>= 0)
  sudo (>= 0)
  tmux (>= 0)
  users (>= 0)
  vim (>= 0)

