SITE
  remote: http://community.opscode.com/api/v1
  specs:
    apt (1.9.0)
    aws (0.100.6)
    build-essential (1.4.0)
    database (1.3.12)
      aws (>= 0.0.0)
      mysql (>= 1.3.0)
      postgresql (>= 1.0.0)
      xfs (>= 0.0.0)
    htop (1.0.0)
    imagemagick (0.2.2)
    monit (0.7.0)
    mysql (2.1.2)
      build-essential (>= 0.0.0)
      openssl (>= 0.0.0)
    nginx (1.4.0)
      apt (>= 0.0.0)
      build-essential (>= 0.0.0)
      ohai (>= 1.1.4)
      yum (>= 0.0.0)
    nodejs (1.1.2)
      apt (>= 0.0.0)
      build-essential (>= 0.0.0)
    ohai (1.1.8)
    openssl (1.0.2)
    postgresql (2.4.0)
      apt (>= 0.0.0)
      build-essential (>= 0.0.0)
      openssl (>= 0.0.0)
    ruby_build (0.7.2)
    runit (1.1.2)
      build-essential (>= 0.0.0)
      yum (>= 0.0.0)
    tmux (1.2.2)
    vim (1.0.2)
    xfs (1.1.0)
    yum (2.1.0)

GIT
  remote: https://github.com/fnichol/chef-rbenv.git
  ref: master
  sha: 3b1c59abc1134a50b0b8844954eca9a566aaffb8
  specs:
    rbenv (0.7.3)

GIT
  remote: https://github.com/phlipper/chef-curl.git
  ref: master
  sha: d1f6690319eb4e5278af0060eb053937541d8d90
  specs:
    curl (1.0.0)

GIT
  remote: https://github.com/rawnet/chef-rails-app.git
  ref: master
  sha: 9f20534f183d49eba000082a82b9b00c0c66cc65
  specs:
    rails-app (0.1.0)
      build-essential (>= 0.0.0)

GIT
  remote: https://github.com/rawnet/chef-sphinx.git
  ref: master
  sha: a173ab679886b853f23c15350a1ff6480f0d504a
  specs:
    sphinx (0.1.0)
      apt (>= 0.0.0)

GIT
  remote: https://github.com/rawnet/chef-users.git
  ref: master
  sha: 4ccc79fa48edb4ab6206c4a37494d1b9144b4729
  specs:
    users (0.1.0)
      ruby-shadow (>= 0.0.0)

GIT
  remote: https://github.com/thoughtless/ruby-shadow-cookbook.git
  ref: master
  sha: b0eac90128b63ca4fddc42b7db1afb3965eb946a
  specs:
    ruby-shadow (0.0.1)

DEPENDENCIES
  apt (>= 0)
  build-essential (>= 0)
  curl (>= 0)
  database (>= 0)
  htop (>= 0)
  imagemagick (>= 0)
  monit (>= 0)
  mysql (>= 0)
  nginx (>= 0)
  nodejs (>= 0)
  rails-app (>= 0)
  rbenv (>= 0)
  ruby-shadow (>= 0)
  ruby_build (>= 0)
  runit (>= 0)
  sphinx (>= 0)
  tmux (>= 0)
  users (>= 0)
  vim (>= 0)

